
Microsoft Visual Studio Solution File, Format Version 12.00
# Visual Studio Version 17
VisualStudioVersion = 17.11.35222.181
MinimumVisualStudioVersion = 10.0.40219.1
Project("{8BC9CEB8-8B4A-11D0-8D11-00A0C91BC942}") = "Noruega", "Noruega\Noruega.vcxproj", "{65B57452-6D13-4CC8-A98B-50EE222EE955}"
EndProject
Global
	GlobalSection(SolutionConfigurationPlatforms) = preSolution
		Debug|x64 = Debug|x64
		Debug|x86 = Debug|x86
		Release|x64 = Release|x64
		Release|x86 = Release|x86
	EndGlobalSection
	GlobalSection(ProjectConfigurationPlatforms) = postSolution
		{65B57452-6D13-4CC8-A98B-50EE222EE955}.Debug|x64.ActiveCfg = Debug|x64
		{65B57452-6D13-4CC8-A98B-50EE222EE955}.Debug|x64.Build.0 = Debug|x64
		{65B57452-6D13-4CC8-A98B-50EE222EE955}.Debug|x86.ActiveCfg = Debug|Win32
		{65B57452-6D13-4CC8-A98B-50EE222EE955}.Debug|x86.Build.0 = Debug|Win32
		{65B57452-6D13-4CC8-A98B-50EE222EE955}.Release|x64.ActiveCfg = Release|x64
		{65B57452-6D13-4CC8-A98B-50EE222EE955}.Release|x64.Build.0 = Release|x64
		{65B57452-6D13-4CC8-A98B-50EE222EE955}.Release|x86.ActiveCfg = Release|Win32
		{65B57452-6D13-4CC8-A98B-50EE222EE955}.Release|x86.Build.0 = Release|Win32
	EndGlobalSection
	GlobalSection(SolutionProperties) = preSolution
		HideSolutionNode = FALSE
	EndGlobalSection
	GlobalSection(ExtensibilityGlobals) = postSolution
		SolutionGuid = {398BE131-EE51-42CE-AB0D-BD75272FD435}
	EndGlobalSection
EndGlobal
